version = 1
revision = 2
requires-python = ">=3.13"

[[package]]
name = "cronsim"
version = "2.6"
source = { registry = "https://pypi.org/simple" }
sdist = { url = "https://files.pythonhosted.org/packages/5b/d8/cfb8d51a51f6076ffa09902c02978c7db9764cca78f4ee832e691d20f44b/cronsim-2.6.tar.gz", hash = "sha256:5aab98716ef90ab5ac6be294b2c3965dbf76dc869f048846a0af74ebb506c10d", size = 20315, upload-time = "2024-11-02T14:34:02.475Z" }
wheels = [
    { url = "https://files.pythonhosted.org/packages/8c/dd/9c40c4e0f4d3cb6cf52eb335e9cc1fa140c1f3a87146fb6987f465b069da/cronsim-2.6-py3-none-any.whl", hash = "sha256:5e153ff8ed64da7ee8d5caac470dbeda8024ab052c3010b1be149772b4801835", size = 13500, upload-time = "2024-12-04T12:53:57.443Z" },
]

[[package]]
name = "pytaskflow"
version = "0.1.0"
source = { virtual = "." }
dependencies = [
    { name = "cronsim" },
    { name = "redis" },
    { name = "ty" },
]

[package.metadata]
requires-dist = [
    { name = "cronsim", specifier = ">=2.6" },
    { name = "redis", specifier = ">=5.0.0" },
    { name = "ty", specifier = ">=0.0.1a12" },
]

[[package]]
name = "redis"
version = "6.2.0"
source = { registry = "https://pypi.org/simple" }
sdist = { url = "https://files.pythonhosted.org/packages/ea/9a/0551e01ba52b944f97480721656578c8a7c46b51b99d66814f85fe3a4f3e/redis-6.2.0.tar.gz", hash = "sha256:e821f129b75dde6cb99dd35e5c76e8c49512a5a0d8dfdc560b2fbd44b85ca977", size = 4639129, upload-time = "2025-05-28T05:01:18.91Z" }
wheels = [
    { url = "https://files.pythonhosted.org/packages/13/67/e60968d3b0e077495a8fee89cf3f2373db98e528288a48f1ee44967f6e8c/redis-6.2.0-py3-none-any.whl", hash = "sha256:c8ddf316ee0aab65f04a11229e94a64b2618451dab7a67cb2f77eb799d872d5e", size = 278659, upload-time = "2025-05-28T05:01:16.955Z" },
]

[[package]]
name = "ty"
version = "0.0.1a12"
source = { registry = "https://pypi.org/simple" }
sdist = { url = "https://files.pythonhosted.org/packages/70/91/be7dfada3aec20ee06ed350d508f00a2fd47dfdcda61d76875e7cb80abfd/ty-0.0.1a12.tar.gz", hash = "sha256:41dfc8eac0b4fb735d5e101cde8c8734a3c13f670eeebc975760e6414882b702", size = 3127188, upload-time = "2025-06-25T11:50:06.358Z" }
wheels = [
    { url = "https://files.pythonhosted.org/packages/66/93/b70c7f54f55de52c6a01cc16fbb0880e80b2bf4ce80f73722fe05d3db630/ty-0.0.1a12-py3-none-linux_armv6l.whl", hash = "sha256:acb0959ac54853e677a44a10bbb7b209389eac5ec4f3084705c8065625badfa3", size = 6718708, upload-time = "2025-06-25T11:49:33.281Z" },
    { url = "https://files.pythonhosted.org/packages/f6/79/5dff5e35e9c00a1ea632ef3d1844b989e0674a2871d30314cab147e51618/ty-0.0.1a12-py3-none-macosx_10_12_x86_64.whl", hash = "sha256:65da32147fac319ee4ca08af25e363ba8ebe461268e13dc3b09fcdd74974e338", size = 6837580, upload-time = "2025-06-25T11:49:35.287Z" },
    { url = "https://files.pythonhosted.org/packages/60/8c/800e21ee673a00a6360519946f45266791ffc5fd40ad3ff3ea36d1d689a6/ty-0.0.1a12-py3-none-macosx_11_0_arm64.whl", hash = "sha256:f8522efca591a621f19af89d639176f329b46d6db475510333fca92e4bc8279e", size = 6468202, upload-time = "2025-06-25T11:49:36.97Z" },
    { url = "https://files.pythonhosted.org/packages/a2/48/f3913803eb5f7a99fc449dd047b1e61735e917dc59294ff55b4637ca69d1/ty-0.0.1a12-py3-none-manylinux_2_17_aarch64.manylinux2014_aarch64.whl", hash = "sha256:2d6627db2a8ebc12a28acf55d017f8a11e06a87f55dae4dee5677ea02dc72702", size = 6596703, upload-time = "2025-06-25T11:49:38.739Z" },
    { url = "https://files.pythonhosted.org/packages/17/bc/ad290112a7cbe4bfae9e33611971d3228314ca8bd5dc8faeb33dd015c427/ty-0.0.1a12-py3-none-manylinux_2_17_armv7l.manylinux2014_armv7l.whl", hash = "sha256:2876e6e947d5696511d8b185f3b45dc3f8a96c409e3fe1c05533cef0fcd9541b", size = 6577838, upload-time = "2025-06-25T11:49:40.713Z" },
    { url = "https://files.pythonhosted.org/packages/3e/f5/2c4c26b1ebc2e0ddea6d7309133f4f48d3530b2fda14021a73aa2d596357/ty-0.0.1a12-py3-none-manylinux_2_17_i686.manylinux2014_i686.whl", hash = "sha256:0fc31000e0f0e054c8aba92db67f1fcd73c588dab598b020789699f23fd61eff", size = 7349544, upload-time = "2025-06-25T11:49:42.517Z" },
    { url = "https://files.pythonhosted.org/packages/d4/b5/5985ad9e2a17fdf7df950a824c3b00a04086f4b4cd42a4c982d7dd2b43da/ty-0.0.1a12-py3-none-manylinux_2_17_ppc64.manylinux2014_ppc64.whl", hash = "sha256:e6d214ad154ab9c265b268257703f46c6d4a3a5901e0e9bcbc879760a6118041", size = 7791984, upload-time = "2025-06-25T11:49:44.32Z" },
    { url = "https://files.pythonhosted.org/packages/a7/e0/db803dbbbcefc0ff343e46330e68ec42b6963eb2dcf30bb4f00fcdd2aa1c/ty-0.0.1a12-py3-none-manylinux_2_17_ppc64le.manylinux2014_ppc64le.whl", hash = "sha256:d60a61fe04acefafc8fcd1ef2dc1383ec2cad53c4409d4223817f85a1cb3ef8a", size = 7448658, upload-time = "2025-06-25T11:49:46.114Z" },
    { url = "https://files.pythonhosted.org/packages/47/45/cffd60dd22c8ec8a56a9de1a69ae9e7b0924f90994b6ef6d55a63656438e/ty-0.0.1a12-py3-none-manylinux_2_17_s390x.manylinux2014_s390x.whl", hash = "sha256:7ad7dff29bb96bda0dec80dc494946e6cda3e377ebda755ff2d453db0211228e", size = 7323623, upload-time = "2025-06-25T11:49:48.229Z" },
    { url = "https://files.pythonhosted.org/packages/6a/d4/153cbdb64ee712872959b9421bc1a4d06636946edf0aa984011dc7601230/ty-0.0.1a12-py3-none-manylinux_2_17_x86_64.manylinux2014_x86_64.whl", hash = "sha256:fdd258c97f076de6e289cb41b3b24812ab5a562d4d0e98573bf38c195d564d92", size = 7130031, upload-time = "2025-06-25T11:49:50.21Z" },
    { url = "https://files.pythonhosted.org/packages/7e/c6/4f20e75ec37782434b44d0b59be0011fa4ddcd2d0f2f91e7d53fb88e3e6c/ty-0.0.1a12-py3-none-musllinux_1_2_aarch64.whl", hash = "sha256:4b2fe76b8e7b4a066a962e839993f3422ce1391b2261afe0384b3560efce8f80", size = 6499534, upload-time = "2025-06-25T11:49:52.244Z" },
    { url = "https://files.pythonhosted.org/packages/52/ce/915232248ac9000f9122c477410b731d6c9c23e1da1c9002091f25270cd1/ty-0.0.1a12-py3-none-musllinux_1_2_armv7l.whl", hash = "sha256:b19ae81024646350a3bb1031c61608ed836e8cf05e8b6e1d3b6ab465abeeff80", size = 6608484, upload-time = "2025-06-25T11:49:54.305Z" },
    { url = "https://files.pythonhosted.org/packages/11/30/073cb624440173cfb40196fae9be87125e40b2d224fa9ced68df60a401cf/ty-0.0.1a12-py3-none-musllinux_1_2_i686.whl", hash = "sha256:04cefeccc934a6389c21fd41426c271a95751e88544eb70f64953a8caa5306f8", size = 7012818, upload-time = "2025-06-25T11:49:56.228Z" },
    { url = "https://files.pythonhosted.org/packages/d3/13/cae962003ffd8c56cafcb1e466bb262692abef1a4a5ad95b602111ff410c/ty-0.0.1a12-py3-none-musllinux_1_2_x86_64.whl", hash = "sha256:1f2e07a927134f7287142ff264b8862025175d2329fa2293aedddb58ac59014d", size = 7191992, upload-time = "2025-06-25T11:49:58.411Z" },
    { url = "https://files.pythonhosted.org/packages/05/cb/fe2a5bdf0f3b013798042b568893bd5a61387f03a6b4e7986b75d4a4d7ac/ty-0.0.1a12-py3-none-win32.whl", hash = "sha256:8f1571a10b5ff16eeaa91ed240ec880b2c008d9fcd106426fc904bddfc126fbc", size = 6381651, upload-time = "2025-06-25T11:50:00.112Z" },
    { url = "https://files.pythonhosted.org/packages/62/22/f7037027c07335d3f89663d196490542ff6c58191326a2c330b34cd3bf28/ty-0.0.1a12-py3-none-win_amd64.whl", hash = "sha256:6b3d8f787ef8247f5564cd86fdb182157bc99c220677988ef7f66cc6502ae83a", size = 6957120, upload-time = "2025-06-25T11:50:01.899Z" },
    { url = "https://files.pythonhosted.org/packages/72/80/82c4aca7b4246f3805a8d62b3650d574b18a848cf3f696c1d4bbdb5e613c/ty-0.0.1a12-py3-none-win_arm64.whl", hash = "sha256:5983f745cc40d15c77434d188dbce7218e2baceba88f1b8f1108763cedad81b4", size = 6572157, upload-time = "2025-06-25T11:50:03.986Z" },
]
