version = 1
revision = 2
requires-python = ">=3.13"

[[package]]
name = "cronsim"
version = "2.6"
source = { registry = "https://pypi.org/simple" }
sdist = { url = "https://files.pythonhosted.org/packages/5b/d8/cfb8d51a51f6076ffa09902c02978c7db9764cca78f4ee832e691d20f44b/cronsim-2.6.tar.gz", hash = "sha256:5aab98716ef90ab5ac6be294b2c3965dbf76dc869f048846a0af74ebb506c10d", size = 20315, upload-time = "2024-11-02T14:34:02.475Z" }
wheels = [
    { url = "https://files.pythonhosted.org/packages/8c/dd/9c40c4e0f4d3cb6cf52eb335e9cc1fa140c1f3a87146fb6987f465b069da/cronsim-2.6-py3-none-any.whl", hash = "sha256:5e153ff8ed64da7ee8d5caac470dbeda8024ab052c3010b1be149772b4801835", size = 13500, upload-time = "2024-12-04T12:53:57.443Z" },
]

[[package]]
name = "pytaskflow"
version = "0.1.0"
source = { virtual = "." }
dependencies = [
    { name = "cronsim" },
    { name = "redis" },
]

[package.metadata]
requires-dist = [
    { name = "cronsim", specifier = ">=2.6" },
    { name = "redis", specifier = ">=5.0.0" },
]

[[package]]
name = "redis"
version = "6.2.0"
source = { registry = "https://pypi.org/simple" }
sdist = { url = "https://files.pythonhosted.org/packages/ea/9a/0551e01ba52b944f97480721656578c8a7c46b51b99d66814f85fe3a4f3e/redis-6.2.0.tar.gz", hash = "sha256:e821f129b75dde6cb99dd35e5c76e8c49512a5a0d8dfdc560b2fbd44b85ca977", size = 4639129, upload-time = "2025-05-28T05:01:18.91Z" }
wheels = [
    { url = "https://files.pythonhosted.org/packages/13/67/e60968d3b0e077495a8fee89cf3f2373db98e528288a48f1ee44967f6e8c/redis-6.2.0-py3-none-any.whl", hash = "sha256:c8ddf316ee0aab65f04a11229e94a64b2618451dab7a67cb2f77eb799d872d5e", size = 278659, upload-time = "2025-05-28T05:01:16.955Z" },
]
